
Microsoft Visual Studio Solution File, Format Version 12.00
# Visual Studio Version 16
VisualStudioVersion = 16.0.30114.105
MinimumVisualStudioVersion = 10.0.40219.1
Project("{FAE04EC0-301F-11D3-BF4B-00C04F79EFBC}") = "VideoRental.Core", "VideoRental.Core\VideoRental.Core.csproj", "{30B96D37-2AF9-45D5-961B-ABC5340F3B84}"
EndProject
Project("{FAE04EC0-301F-11D3-BF4B-00C04F79EFBC}") = "VideoRental.Infrastructure", "VideoRental.Infrastructure\VideoRental.Infrastructure.csproj", "{6B78CAAF-CA5A-4F0A-9E76-64BA9CD5837A}"
EndProject
Project("{FAE04EC0-301F-11D3-BF4B-00C04F79EFBC}") = "VideoRental.WebAPI", "VideoRental.WebAPI\VideoRental.WebAPI.csproj", "{D7B5F63B-FA3E-4C9E-A673-FFB8C21FE420}"
EndProject
Global
	GlobalSection(SolutionConfigurationPlatforms) = preSolution
		Debug|Any CPU = Debug|Any CPU
		Debug|x64 = Debug|x64
		Debug|x86 = Debug|x86
		Release|Any CPU = Release|Any CPU
		Release|x64 = Release|x64
		Release|x86 = Release|x86
	EndGlobalSection
	GlobalSection(SolutionProperties) = preSolution
		HideSolutionNode = FALSE
	EndGlobalSection
	GlobalSection(ProjectConfigurationPlatforms) = postSolution
		{30B96D37-2AF9-45D5-961B-ABC5340F3B84}.Debug|Any CPU.ActiveCfg = Debug|Any CPU
		{30B96D37-2AF9-45D5-961B-ABC5340F3B84}.Debug|Any CPU.Build.0 = Debug|Any CPU
		{30B96D37-2AF9-45D5-961B-ABC5340F3B84}.Debug|x64.ActiveCfg = Debug|Any CPU
		{30B96D37-2AF9-45D5-961B-ABC5340F3B84}.Debug|x64.Build.0 = Debug|Any CPU
		{30B96D37-2AF9-45D5-961B-ABC5340F3B84}.Debug|x86.ActiveCfg = Debug|Any CPU
		{30B96D37-2AF9-45D5-961B-ABC5340F3B84}.Debug|x86.Build.0 = Debug|Any CPU
		{30B96D37-2AF9-45D5-961B-ABC5340F3B84}.Release|Any CPU.ActiveCfg = Release|Any CPU
		{30B96D37-2AF9-45D5-961B-ABC5340F3B84}.Release|Any CPU.Build.0 = Release|Any CPU
		{30B96D37-2AF9-45D5-961B-ABC5340F3B84}.Release|x64.ActiveCfg = Release|Any CPU
		{30B96D37-2AF9-45D5-961B-ABC5340F3B84}.Release|x64.Build.0 = Release|Any CPU
		{30B96D37-2AF9-45D5-961B-ABC5340F3B84}.Release|x86.ActiveCfg = Release|Any CPU
		{30B96D37-2AF9-45D5-961B-ABC5340F3B84}.Release|x86.Build.0 = Release|Any CPU
		{6B78CAAF-CA5A-4F0A-9E76-64BA9CD5837A}.Debug|Any CPU.ActiveCfg = Debug|Any CPU
		{6B78CAAF-CA5A-4F0A-9E76-64BA9CD5837A}.Debug|Any CPU.Build.0 = Debug|Any CPU
		{6B78CAAF-CA5A-4F0A-9E76-64BA9CD5837A}.Debug|x64.ActiveCfg = Debug|Any CPU
		{6B78CAAF-CA5A-4F0A-9E76-64BA9CD5837A}.Debug|x64.Build.0 = Debug|Any CPU
		{6B78CAAF-CA5A-4F0A-9E76-64BA9CD5837A}.Debug|x86.ActiveCfg = Debug|Any CPU
		{6B78CAAF-CA5A-4F0A-9E76-64BA9CD5837A}.Debug|x86.Build.0 = Debug|Any CPU
		{6B78CAAF-CA5A-4F0A-9E76-64BA9CD5837A}.Release|Any CPU.ActiveCfg = Release|Any CPU
		{6B78CAAF-CA5A-4F0A-9E76-64BA9CD5837A}.Release|Any CPU.Build.0 = Release|Any CPU
		{6B78CAAF-CA5A-4F0A-9E76-64BA9CD5837A}.Release|x64.ActiveCfg = Release|Any CPU
		{6B78CAAF-CA5A-4F0A-9E76-64BA9CD5837A}.Release|x64.Build.0 = Release|Any CPU
		{6B78CAAF-CA5A-4F0A-9E76-64BA9CD5837A}.Release|x86.ActiveCfg = Release|Any CPU
		{6B78CAAF-CA5A-4F0A-9E76-64BA9CD5837A}.Release|x86.Build.0 = Release|Any CPU
		{D7B5F63B-FA3E-4C9E-A673-FFB8C21FE420}.Debug|Any CPU.ActiveCfg = Debug|Any CPU
		{D7B5F63B-FA3E-4C9E-A673-FFB8C21FE420}.Debug|Any CPU.Build.0 = Debug|Any CPU
		{D7B5F63B-FA3E-4C9E-A673-FFB8C21FE420}.Debug|x64.ActiveCfg = Debug|Any CPU
		{D7B5F63B-FA3E-4C9E-A673-FFB8C21FE420}.Debug|x64.Build.0 = Debug|Any CPU
		{D7B5F63B-FA3E-4C9E-A673-FFB8C21FE420}.Debug|x86.ActiveCfg = Debug|Any CPU
		{D7B5F63B-FA3E-4C9E-A673-FFB8C21FE420}.Debug|x86.Build.0 = Debug|Any CPU
		{D7B5F63B-FA3E-4C9E-A673-FFB8C21FE420}.Release|Any CPU.ActiveCfg = Release|Any CPU
		{D7B5F63B-FA3E-4C9E-A673-FFB8C21FE420}.Release|Any CPU.Build.0 = Release|Any CPU
		{D7B5F63B-FA3E-4C9E-A673-FFB8C21FE420}.Release|x64.ActiveCfg = Release|Any CPU
		{D7B5F63B-FA3E-4C9E-A673-FFB8C21FE420}.Release|x64.Build.0 = Release|Any CPU
		{D7B5F63B-FA3E-4C9E-A673-FFB8C21FE420}.Release|x86.ActiveCfg = Release|Any CPU
		{D7B5F63B-FA3E-4C9E-A673-FFB8C21FE420}.Release|x86.Build.0 = Release|Any CPU
	EndGlobalSection
EndGlobal
